
Microsoft Visual Studio Solution File, Format Version 12.00
# Visual Studio Version 16
VisualStudioVersion = 16.0.30804.86
MinimumVisualStudioVersion = 10.0.40219.1
Project("{FAE04EC0-301F-11D3-BF4B-00C04F79EFBC}") = "HeightCalc", "HeightCalc\HeightCalc.csproj", "{9CCC5778-C78E-42A6-9E44-7697682D9E1E}"
EndProject
Global
	GlobalSection(SolutionConfigurationPlatforms) = preSolution
		Debug|Any CPU = Debug|Any CPU
		Release|Any CPU = Release|Any CPU
	EndGlobalSection
	GlobalSection(ProjectConfigurationPlatforms) = postSolution
		{9CCC5778-C78E-42A6-9E44-7697682D9E1E}.Debug|Any CPU.ActiveCfg = Debug|Any CPU
		{9CCC5778-C78E-42A6-9E44-7697682D9E1E}.Debug|Any CPU.Build.0 = Debug|Any CPU
		{9CCC5778-C78E-42A6-9E44-7697682D9E1E}.Release|Any CPU.ActiveCfg = Release|Any CPU
		{9CCC5778-C78E-42A6-9E44-7697682D9E1E}.Release|Any CPU.Build.0 = Release|Any CPU
	EndGlobalSection
	GlobalSection(SolutionProperties) = preSolution
		HideSolutionNode = FALSE
	EndGlobalSection
	GlobalSection(ExtensibilityGlobals) = postSolution
		SolutionGuid = {D05E8B61-DAB5-4563-AE2C-F8C192E6CB69}
	EndGlobalSection
EndGlobal
